
Microsoft Visual Studio Solution File, Format Version 12.00
# Visual Studio Version 16
VisualStudioVersion = 16.0.29920.165
MinimumVisualStudioVersion = 10.0.40219.1
Project("{FAE04EC0-301F-11D3-BF4B-00C04F79EFBC}") = "TPC.Market", "TPC.Market\TPC.Market.csproj", "{4A28BE88-6E2E-4A36-83D0-1054BBEA46A1}"
EndProject
Global
	GlobalSection(SolutionConfigurationPlatforms) = preSolution
		Debug|Any CPU = Debug|Any CPU
		Release|Any CPU = Release|Any CPU
	EndGlobalSection
	GlobalSection(ProjectConfigurationPlatforms) = postSolution
		{4A28BE88-6E2E-4A36-83D0-1054BBEA46A1}.Debug|Any CPU.ActiveCfg = Debug|Any CPU
		{4A28BE88-6E2E-4A36-83D0-1054BBEA46A1}.Debug|Any CPU.Build.0 = Debug|Any CPU
		{4A28BE88-6E2E-4A36-83D0-1054BBEA46A1}.Release|Any CPU.ActiveCfg = Release|Any CPU
		{4A28BE88-6E2E-4A36-83D0-1054BBEA46A1}.Release|Any CPU.Build.0 = Release|Any CPU
	EndGlobalSection
	GlobalSection(SolutionProperties) = preSolution
		HideSolutionNode = FALSE
	EndGlobalSection
	GlobalSection(ExtensibilityGlobals) = postSolution
		SolutionGuid = {9D5F57AA-D407-4780-B93B-9C1F69912065}
	EndGlobalSection
EndGlobal
